// !$*UTF8*$!
{
	archiveVersion = 1;
	classes = {
	};
	objectVersion = 50;
	objects = {

/* Begin PBXBuildFile section */
		536868DF2439CE520036DE43 /* Credits.rtf in Resources */ = {isa = PBXBuildFile; fileRef = 536868DE2439CE520036DE43 /* Credits.rtf */; };
		537606CC2391D2A100EEDC2F /* AppDelegate.m in Sources */ = {isa = PBXBuildFile; fileRef = 537606CB2391D2A100EEDC2F /* AppDelegate.m */; };
		537606CF2391D2A100EEDC2F /* Main.storyboard in Resources */ = {isa = PBXBuildFile; fileRef = 537606CD2391D2A100EEDC2F /* Main.storyboard */; };
		537606D22391D2A100EEDC2F /* ViewController.m in Sources */ = {isa = PBXBuildFile; fileRef = 537606D12391D2A100EEDC2F /* ViewController.m */; };
		537606D42391D2A300EEDC2F /* Assets.xcassets in Resources */ = {isa = PBXBuildFile; fileRef = 537606D32391D2A300EEDC2F /* Assets.xcassets */; };
		537606D72391D2A300EEDC2F /* main.m in Sources */ = {isa = PBXBuildFile; fileRef = 537606D62391D2A300EEDC2F /* main.m */; };
		537606DD2391D2A300EEDC2F /* ReverseImageSearch Extension.appex in Embed App Extensions */ = {isa = PBXBuildFile; fileRef = 537606DC2391D2A300EEDC2F /* ReverseImageSearch Extension.appex */; settings = {ATTRIBUTES = (RemoveHeadersOnCopy, ); }; };
		537606E22391D2A300EEDC2F /* Cocoa.framework in Frameworks */ = {isa = PBXBuildFile; fileRef = 537606E12391D2A300EEDC2F /* Cocoa.framework */; };
		537606E62391D2A300EEDC2F /* SafariExtensionHandler.m in Sources */ = {isa = PBXBuildFile; fileRef = 537606E52391D2A300EEDC2F /* SafariExtensionHandler.m */; };
		537606E92391D2A300EEDC2F /* SafariExtensionViewController.m in Sources */ = {isa = PBXBuildFile; fileRef = 537606E82391D2A300EEDC2F /* SafariExtensionViewController.m */; };
		537606EC2391D2A300EEDC2F /* SafariExtensionViewController.xib in Resources */ = {isa = PBXBuildFile; fileRef = 537606EA2391D2A300EEDC2F /* SafariExtensionViewController.xib */; };
		537606F12391D2A300EEDC2F /* ToolbarItemIcon.pdf in Resources */ = {isa = PBXBuildFile; fileRef = 537606F02391D2A300EEDC2F /* ToolbarItemIcon.pdf */; };
		537606FE2391D33500EEDC2F /* reverseimage-injected.js in Resources */ = {isa = PBXBuildFile; fileRef = 537606FC2391D33100EEDC2F /* reverseimage-injected.js */; };
		537607042391D3D500EEDC2F /* search_engines.plist in Resources */ = {isa = PBXBuildFile; fileRef = 537607032391D3D500EEDC2F /* search_engines.plist */; };
		537607052391D3D500EEDC2F /* search_engines.plist in Resources */ = {isa = PBXBuildFile; fileRef = 537607032391D3D500EEDC2F /* search_engines.plist */; };
		5376070723920BAE00EEDC2F /* README.md in Resources */ = {isa = PBXBuildFile; fileRef = 5376070623920BAE00EEDC2F /* README.md */; };
/* End PBXBuildFile section */

/* Begin PBXContainerItemProxy section */
		537606DE2391D2A300EEDC2F /* PBXContainerItemProxy */ = {
			isa = PBXContainerItemProxy;
			containerPortal = 537606BD2391D2A100EEDC2F /* Project object */;
			proxyType = 1;
			remoteGlobalIDString = 537606DB2391D2A300EEDC2F;
			remoteInfo = "ReverseImageSearch Extension";
		};
/* End PBXContainerItemProxy section */

/* Begin PBXCopyFilesBuildPhase section */
		537606F82391D2A300EEDC2F /* Embed App Extensions */ = {
			isa = PBXCopyFilesBuildPhase;
			buildActionMask = 2147483647;
			dstPath = "";
			dstSubfolderSpec = 13;
			files = (
				537606DD2391D2A300EEDC2F /* ReverseImageSearch Extension.appex in Embed App Extensions */,
			);
			name = "Embed App Extensions";
			runOnlyForDeploymentPostprocessing = 0;
		};
/* End PBXCopyFilesBuildPhase section */

/* Begin PBXFileReference section */
		536868DE2439CE520036DE43 /* Credits.rtf */ = {isa = PBXFileReference; lastKnownFileType = text.rtf; path = Credits.rtf; sourceTree = "<group>"; };
		537606C52391D2A100EEDC2F /* ReverseImageSearch.app */ = {isa = PBXFileReference; explicitFileType = wrapper.application; includeInIndex = 0; path = ReverseImageSearch.app; sourceTree = BUILT_PRODUCTS_DIR; };
		537606C82391D2A100EEDC2F /* ReverseImageSearch.entitlements */ = {isa = PBXFileReference; lastKnownFileType = text.plist.entitlements; path = ReverseImageSearch.entitlements; sourceTree = "<group>"; };
		537606CA2391D2A100EEDC2F /* AppDelegate.h */ = {isa = PBXFileReference; lastKnownFileType = sourcecode.c.h; path = AppDelegate.h; sourceTree = "<group>"; };
		537606CB2391D2A100EEDC2F /* AppDelegate.m */ = {isa = PBXFileReference; lastKnownFileType = sourcecode.c.objc; path = AppDelegate.m; sourceTree = "<group>"; };
		537606CE2391D2A100EEDC2F /* Base */ = {isa = PBXFileReference; lastKnownFileType = file.storyboard; name = Base; path = Base.lproj/Main.storyboard; sourceTree = "<group>"; };
		537606D02391D2A100EEDC2F /* ViewController.h */ = {isa = PBXFileReference; lastKnownFileType = sourcecode.c.h; path = ViewController.h; sourceTree = "<group>"; };
		537606D12391D2A100EEDC2F /* ViewController.m */ = {isa = PBXFileReference; lastKnownFileType = sourcecode.c.objc; path = ViewController.m; sourceTree = "<group>"; };
		537606D32391D2A300EEDC2F /* Assets.xcassets */ = {isa = PBXFileReference; lastKnownFileType = folder.assetcatalog; path = Assets.xcassets; sourceTree = "<group>"; };
		537606D52391D2A300EEDC2F /* Info.plist */ = {isa = PBXFileReference; lastKnownFileType = text.plist.xml; path = Info.plist; sourceTree = "<group>"; };
		537606D62391D2A300EEDC2F /* main.m */ = {isa = PBXFileReference; lastKnownFileType = sourcecode.c.objc; path = main.m; sourceTree = "<group>"; };
		537606DC2391D2A300EEDC2F /* ReverseImageSearch Extension.appex */ = {isa = PBXFileReference; explicitFileType = "wrapper.app-extension"; includeInIndex = 0; path = "ReverseImageSearch Extension.appex"; sourceTree = BUILT_PRODUCTS_DIR; };
		537606E12391D2A300EEDC2F /* Cocoa.framework */ = {isa = PBXFileReference; lastKnownFileType = wrapper.framework; name = Cocoa.framework; path = System/Library/Frameworks/Cocoa.framework; sourceTree = SDKROOT; };
		537606E42391D2A300EEDC2F /* SafariExtensionHandler.h */ = {isa = PBXFileReference; lastKnownFileType = sourcecode.c.h; path = SafariExtensionHandler.h; sourceTree = "<group>"; };
		537606E52391D2A300EEDC2F /* SafariExtensionHandler.m */ = {isa = PBXFileReference; lastKnownFileType = sourcecode.c.objc; path = SafariExtensionHandler.m; sourceTree = "<group>"; };
		537606E72391D2A300EEDC2F /* SafariExtensionViewController.h */ = {isa = PBXFileReference; lastKnownFileType = sourcecode.c.h; path = SafariExtensionViewController.h; sourceTree = "<group>"; };
		537606E82391D2A300EEDC2F /* SafariExtensionViewController.m */ = {isa = PBXFileReference; lastKnownFileType = sourcecode.c.objc; path = SafariExtensionViewController.m; sourceTree = "<group>"; };
		537606EB2391D2A300EEDC2F /* Base */ = {isa = PBXFileReference; lastKnownFileType = file.xib; name = Base; path = Base.lproj/SafariExtensionViewController.xib; sourceTree = "<group>"; };
		537606ED2391D2A300EEDC2F /* Info.plist */ = {isa = PBXFileReference; lastKnownFileType = text.plist.xml; path = Info.plist; sourceTree = "<group>"; };
		537606F02391D2A300EEDC2F /* ToolbarItemIcon.pdf */ = {isa = PBXFileReference; lastKnownFileType = image.pdf; path = ToolbarItemIcon.pdf; sourceTree = "<group>"; };
		537606F22391D2A300EEDC2F /* ReverseImageSearch_Extension.entitlements */ = {isa = PBXFileReference; lastKnownFileType = text.plist.entitlements; path = ReverseImageSearch_Extension.entitlements; sourceTree = "<group>"; };
		537606FC2391D33100EEDC2F /* reverseimage-injected.js */ = {isa = PBXFileReference; fileEncoding = 4; lastKnownFileType = sourcecode.javascript; path = "reverseimage-injected.js"; sourceTree = "<group>"; };
		537607032391D3D500EEDC2F /* search_engines.plist */ = {isa = PBXFileReference; fileEncoding = 4; lastKnownFileType = text.plist.xml; path = search_engines.plist; sourceTree = "<group>"; };
		5376070623920BAE00EEDC2F /* README.md */ = {isa = PBXFileReference; fileEncoding = 4; lastKnownFileType = net.daringfireball.markdown; path = README.md; sourceTree = "<group>"; };
/* End PBXFileReference section */

/* Begin PBXFrameworksBuildPhase section */
		537606C22391D2A100EEDC2F /* Frameworks */ = {
			isa = PBXFrameworksBuildPhase;
			buildActionMask = 2147483647;
			files = (
			);
			runOnlyForDeploymentPostprocessing = 0;
		};
		537606D92391D2A300EEDC2F /* Frameworks */ = {
			isa = PBXFrameworksBuildPhase;
			buildActionMask = 2147483647;
			files = (
				537606E22391D2A300EEDC2F /* Cocoa.framework in Frameworks */,
			);
			runOnlyForDeploymentPostprocessing = 0;
		};
/* End PBXFrameworksBuildPhase section */

/* Begin PBXGroup section */
		537606BC2391D2A100EEDC2F = {
			isa = PBXGroup;
			children = (
				5376070623920BAE00EEDC2F /* README.md */,
				537607022391D3B900EEDC2F /* Shared */,
				537606C72391D2A100EEDC2F /* ReverseImageSearch */,
				537606E32391D2A300EEDC2F /* ReverseImageSearch Extension */,
				537606E02391D2A300EEDC2F /* Frameworks */,
				537606C62391D2A100EEDC2F /* Products */,
			);
			sourceTree = "<group>";
		};
		537606C62391D2A100EEDC2F /* Products */ = {
			isa = PBXGroup;
			children = (
				537606C52391D2A100EEDC2F /* ReverseImageSearch.app */,
				537606DC2391D2A300EEDC2F /* ReverseImageSearch Extension.appex */,
			);
			name = Products;
			sourceTree = "<group>";
		};
		537606C72391D2A100EEDC2F /* ReverseImageSearch */ = {
			isa = PBXGroup;
			children = (
				537606C82391D2A100EEDC2F /* ReverseImageSearch.entitlements */,
				537606CA2391D2A100EEDC2F /* AppDelegate.h */,
				537606CB2391D2A100EEDC2F /* AppDelegate.m */,
				537606CD2391D2A100EEDC2F /* Main.storyboard */,
				537606D02391D2A100EEDC2F /* ViewController.h */,
				537606D12391D2A100EEDC2F /* ViewController.m */,
				537606D32391D2A300EEDC2F /* Assets.xcassets */,
				537606D52391D2A300EEDC2F /* Info.plist */,
				537606D62391D2A300EEDC2F /* main.m */,
				536868DE2439CE520036DE43 /* Credits.rtf */,
			);
			path = ReverseImageSearch;
			sourceTree = "<group>";
		};
		537606E02391D2A300EEDC2F /* Frameworks */ = {
			isa = PBXGroup;
			children = (
				537606E12391D2A300EEDC2F /* Cocoa.framework */,
			);
			name = Frameworks;
			sourceTree = "<group>";
		};
		537606E32391D2A300EEDC2F /* ReverseImageSearch Extension */ = {
			isa = PBXGroup;
			children = (
				537606FC2391D33100EEDC2F /* reverseimage-injected.js */,
				537606E42391D2A300EEDC2F /* SafariExtensionHandler.h */,
				537606E52391D2A300EEDC2F /* SafariExtensionHandler.m */,
				537606E72391D2A300EEDC2F /* SafariExtensionViewController.h */,
				537606E82391D2A300EEDC2F /* SafariExtensionViewController.m */,
				537606EA2391D2A300EEDC2F /* SafariExtensionViewController.xib */,
				537606ED2391D2A300EEDC2F /* Info.plist */,
				537606F02391D2A300EEDC2F /* ToolbarItemIcon.pdf */,
				537606F22391D2A300EEDC2F /* ReverseImageSearch_Extension.entitlements */,
			);
			path = "ReverseImageSearch Extension";
			sourceTree = "<group>";
		};
		537607022391D3B900EEDC2F /* Shared */ = {
			isa = PBXGroup;
			children = (
				537607032391D3D500EEDC2F /* search_engines.plist */,
			);
			path = Shared;
			sourceTree = "<group>";
		};
/* End PBXGroup section */

/* Begin PBXNativeTarget section */
		537606C42391D2A100EEDC2F /* ReverseImageSearch */ = {
			isa = PBXNativeTarget;
			buildConfigurationList = 537606F92391D2A300EEDC2F /* Build configuration list for PBXNativeTarget "ReverseImageSearch" */;
			buildPhases = (
				537606C12391D2A100EEDC2F /* Sources */,
				537606C22391D2A100EEDC2F /* Frameworks */,
				537606C32391D2A100EEDC2F /* Resources */,
				537606F82391D2A300EEDC2F /* Embed App Extensions */,
			);
			buildRules = (
			);
			dependencies = (
				537606DF2391D2A300EEDC2F /* PBXTargetDependency */,
			);
			name = ReverseImageSearch;
			productName = ReverseImageSearch;
			productReference = 537606C52391D2A100EEDC2F /* ReverseImageSearch.app */;
			productType = "com.apple.product-type.application";
		};
		537606DB2391D2A300EEDC2F /* ReverseImageSearch Extension */ = {
			isa = PBXNativeTarget;
			buildConfigurationList = 537606F52391D2A300EEDC2F /* Build configuration list for PBXNativeTarget "ReverseImageSearch Extension" */;
			buildPhases = (
				537606D82391D2A300EEDC2F /* Sources */,
				537606D92391D2A300EEDC2F /* Frameworks */,
				537606DA2391D2A300EEDC2F /* Resources */,
			);
			buildRules = (
			);
			dependencies = (
			);
			name = "ReverseImageSearch Extension";
			productName = "ReverseImageSearch Extension";
			productReference = 537606DC2391D2A300EEDC2F /* ReverseImageSearch Extension.appex */;
			productType = "com.apple.product-type.app-extension";
		};
/* End PBXNativeTarget section */

/* Begin PBXProject section */
		537606BD2391D2A100EEDC2F /* Project object */ = {
			isa = PBXProject;
			attributes = {
				LastUpgradeCheck = 1130;
				ORGANIZATIONNAME = "Yiming Liu";
				TargetAttributes = {
					537606C42391D2A100EEDC2F = {
						CreatedOnToolsVersion = 11.2.1;
					};
					537606DB2391D2A300EEDC2F = {
						CreatedOnToolsVersion = 11.2.1;
					};
				};
			};
			buildConfigurationList = 537606C02391D2A100EEDC2F /* Build configuration list for PBXProject "ReverseImageSearch" */;
			compatibilityVersion = "Xcode 9.3";
			developmentRegion = en;
			hasScannedForEncodings = 0;
			knownRegions = (
				en,
				Base,
			);
			mainGroup = 537606BC2391D2A100EEDC2F;
			productRefGroup = 537606C62391D2A100EEDC2F /* Products */;
			projectDirPath = "";
			projectRoot = "";
			targets = (
				537606C42391D2A100EEDC2F /* ReverseImageSearch */,
				537606DB2391D2A300EEDC2F /* ReverseImageSearch Extension */,
			);
		};
/* End PBXProject section */

/* Begin PBXResourcesBuildPhase section */
		537606C32391D2A100EEDC2F /* Resources */ = {
			isa = PBXResourcesBuildPhase;
			buildActionMask = 2147483647;
			files = (
				537607042391D3D500EEDC2F /* search_engines.plist in Resources */,
				536868DF2439CE520036DE43 /* Credits.rtf in Resources */,
				5376070723920BAE00EEDC2F /* README.md in Resources */,
				537606D42391D2A300EEDC2F /* Assets.xcassets in Resources */,
				537606CF2391D2A100EEDC2F /* Main.storyboard in Resources */,
			);
			runOnlyForDeploymentPostprocessing = 0;
		};
		537606DA2391D2A300EEDC2F /* Resources */ = {
			isa = PBXResourcesBuildPhase;
			buildActionMask = 2147483647;
			files = (
				537607052391D3D500EEDC2F /* search_engines.plist in Resources */,
				537606F12391D2A300EEDC2F /* ToolbarItemIcon.pdf in Resources */,
				537606FE2391D33500EEDC2F /* reverseimage-injected.js in Resources */,
				537606EC2391D2A300EEDC2F /* SafariExtensionViewController.xib in Resources */,
			);
			runOnlyForDeploymentPostprocessing = 0;
		};
/* End PBXResourcesBuildPhase section */

/* Begin PBXSourcesBuildPhase section */
		537606C12391D2A100EEDC2F /* Sources */ = {
			isa = PBXSourcesBuildPhase;
			buildActionMask = 2147483647;
			files = (
				537606D22391D2A100EEDC2F /* ViewController.m in Sources */,
				537606D72391D2A300EEDC2F /* main.m in Sources */,
				537606CC2391D2A100EEDC2F /* AppDelegate.m in Sources */,
			);
			runOnlyForDeploymentPostprocessing = 0;
		};
		537606D82391D2A300EEDC2F /* Sources */ = {
			isa = PBXSourcesBuildPhase;
			buildActionMask = 2147483647;
			files = (
				537606E92391D2A300EEDC2F /* SafariExtensionViewController.m in Sources */,
				537606E62391D2A300EEDC2F /* SafariExtensionHandler.m in Sources */,
			);
			runOnlyForDeploymentPostprocessing = 0;
		};
/* End PBXSourcesBuildPhase section */

/* Begin PBXTargetDependency section */
		537606DF2391D2A300EEDC2F /* PBXTargetDependency */ = {
			isa = PBXTargetDependency;
			target = 537606DB2391D2A300EEDC2F /* ReverseImageSearch Extension */;
			targetProxy = 537606DE2391D2A300EEDC2F /* PBXContainerItemProxy */;
		};
/* End PBXTargetDependency section */

/* Begin PBXVariantGroup section */
		537606CD2391D2A100EEDC2F /* Main.storyboard */ = {
			isa = PBXVariantGroup;
			children = (
				537606CE2391D2A100EEDC2F /* Base */,
			);
			name = Main.storyboard;
			sourceTree = "<group>";
		};
		537606EA2391D2A300EEDC2F /* SafariExtensionViewController.xib */ = {
			isa = PBXVariantGroup;
			children = (
				537606EB2391D2A300EEDC2F /* Base */,
			);
			name = SafariExtensionViewController.xib;
			sourceTree = "<group>";
		};
/* End PBXVariantGroup section */

/* Begin XCBuildConfiguration section */
		537606F32391D2A300EEDC2F /* Debug */ = {
			isa = XCBuildConfiguration;
			buildSettings = {
				ALWAYS_SEARCH_USER_PATHS = NO;
				CLANG_ANALYZER_NONNULL = YES;
				CLANG_ANALYZER_NUMBER_OBJECT_CONVERSION = YES_AGGRESSIVE;
				CLANG_CXX_LANGUAGE_STANDARD = "gnu++14";
				CLANG_CXX_LIBRARY = "libc++";
				CLANG_ENABLE_MODULES = YES;
				CLANG_ENABLE_OBJC_ARC = YES;
				CLANG_ENABLE_OBJC_WEAK = YES;
				CLANG_WARN_BLOCK_CAPTURE_AUTORELEASING = YES;
				CLANG_WARN_BOOL_CONVERSION = YES;
				CLANG_WARN_COMMA = YES;
				CLANG_WARN_CONSTANT_CONVERSION = YES;
				CLANG_WARN_DEPRECATED_OBJC_IMPLEMENTATIONS = YES;
				CLANG_WARN_DIRECT_OBJC_ISA_USAGE = YES_ERROR;
				CLANG_WARN_DOCUMENTATION_COMMENTS = YES;
				CLANG_WARN_EMPTY_BODY = YES;
				CLANG_WARN_ENUM_CONVERSION = YES;
				CLANG_WARN_INFINITE_RECURSION = YES;
				CLANG_WARN_INT_CONVERSION = YES;
				CLANG_WARN_NON_LITERAL_NULL_CONVERSION = YES;
				CLANG_WARN_OBJC_IMPLICIT_RETAIN_SELF = YES;
				CLANG_WARN_OBJC_LITERAL_CONVERSION = YES;
				CLANG_WARN_OBJC_ROOT_CLASS = YES_ERROR;
				CLANG_WARN_RANGE_LOOP_ANALYSIS = YES;
				CLANG_WARN_STRICT_PROTOTYPES = YES;
				CLANG_WARN_SUSPICIOUS_MOVE = YES;
				CLANG_WARN_UNGUARDED_AVAILABILITY = YES_AGGRESSIVE;
				CLANG_WARN_UNREACHABLE_CODE = YES;
				CLANG_WARN__DUPLICATE_METHOD_MATCH = YES;
				COPY_PHASE_STRIP = NO;
				DEBUG_INFORMATION_FORMAT = dwarf;
				ENABLE_STRICT_OBJC_MSGSEND = YES;
				ENABLE_TESTABILITY = YES;
				GCC_C_LANGUAGE_STANDARD = gnu11;
				GCC_DYNAMIC_NO_PIC = NO;
				GCC_NO_COMMON_BLOCKS = YES;
				GCC_OPTIMIZATION_LEVEL = 0;
				GCC_PREPROCESSOR_DEFINITIONS = (
					"DEBUG=1",
					"$(inherited)",
				);
				GCC_WARN_64_TO_32_BIT_CONVERSION = YES;
				GCC_WARN_ABOUT_RETURN_TYPE = YES_ERROR;
				GCC_WARN_UNDECLARED_SELECTOR = YES;
				GCC_WARN_UNINITIALIZED_AUTOS = YES_AGGRESSIVE;
				GCC_WARN_UNUSED_FUNCTION = YES;
				GCC_WARN_UNUSED_VARIABLE = YES;
				MACOSX_DEPLOYMENT_TARGET = 10.13;
				MTL_ENABLE_DEBUG_INFO = INCLUDE_SOURCE;
				MTL_FAST_MATH = YES;
				ONLY_ACTIVE_ARCH = YES;
				SDKROOT = macosx;
			};
			name = Debug;
		};
		537606F42391D2A300EEDC2F /* Release */ = {
			isa = XCBuildConfiguration;
			buildSettings = {
				ALWAYS_SEARCH_USER_PATHS = NO;
				CLANG_ANALYZER_NONNULL = YES;
				CLANG_ANALYZER_NUMBER_OBJECT_CONVERSION = YES_AGGRESSIVE;
				CLANG_CXX_LANGUAGE_STANDARD = "gnu++14";
				CLANG_CXX_LIBRARY = "libc++";
				CLANG_ENABLE_MODULES = YES;
				CLANG_ENABLE_OBJC_ARC = YES;
				CLANG_ENABLE_OBJC_WEAK = YES;
				CLANG_WARN_BLOCK_CAPTURE_AUTORELEASING = YES;
				CLANG_WARN_BOOL_CONVERSION = YES;
				CLANG_WARN_COMMA = YES;
				CLANG_WARN_CONSTANT_CONVERSION = YES;
				CLANG_WARN_DEPRECATED_OBJC_IMPLEMENTATIONS = YES;
				CLANG_WARN_DIRECT_OBJC_ISA_USAGE = YES_ERROR;
				CLANG_WARN_DOCUMENTATION_COMMENTS = YES;
				CLANG_WARN_EMPTY_BODY = YES;
				CLANG_WARN_ENUM_CONVERSION = YES;
				CLANG_WARN_INFINITE_RECURSION = YES;
				CLANG_WARN_INT_CONVERSION = YES;
				CLANG_WARN_NON_LITERAL_NULL_CONVERSION = YES;
				CLANG_WARN_OBJC_IMPLICIT_RETAIN_SELF = YES;
				CLANG_WARN_OBJC_LITERAL_CONVERSION = YES;
				CLANG_WARN_OBJC_ROOT_CLASS = YES_ERROR;
				CLANG_WARN_RANGE_LOOP_ANALYSIS = YES;
				CLANG_WARN_STRICT_PROTOTYPES = YES;
				CLANG_WARN_SUSPICIOUS_MOVE = YES;
				CLANG_WARN_UNGUARDED_AVAILABILITY = YES_AGGRESSIVE;
				CLANG_WARN_UNREACHABLE_CODE = YES;
				CLANG_WARN__DUPLICATE_METHOD_MATCH = YES;
				COPY_PHASE_STRIP = NO;
				DEBUG_INFORMATION_FORMAT = "dwarf-with-dsym";
				ENABLE_NS_ASSERTIONS = NO;
				ENABLE_STRICT_OBJC_MSGSEND = YES;
				GCC_C_LANGUAGE_STANDARD = gnu11;
				GCC_NO_COMMON_BLOCKS = YES;
				GCC_WARN_64_TO_32_BIT_CONVERSION = YES;
				GCC_WARN_ABOUT_RETURN_TYPE = YES_ERROR;
				GCC_WARN_UNDECLARED_SELECTOR = YES;
				GCC_WARN_UNINITIALIZED_AUTOS = YES_AGGRESSIVE;
				GCC_WARN_UNUSED_FUNCTION = YES;
				GCC_WARN_UNUSED_VARIABLE = YES;
				MACOSX_DEPLOYMENT_TARGET = 10.13;
				MTL_ENABLE_DEBUG_INFO = NO;
				MTL_FAST_MATH = YES;
				SDKROOT = macosx;
			};
			name = Release;
		};
		537606F62391D2A300EEDC2F /* Debug */ = {
			isa = XCBuildConfiguration;
			buildSettings = {
				CODE_SIGN_ENTITLEMENTS = "ReverseImageSearch Extension/ReverseImageSearch_Extension.entitlements";
				CODE_SIGN_IDENTITY = "Mac Developer";
				CODE_SIGN_STYLE = Automatic;
				CURRENT_PROJECT_VERSION = 8;
				DEVELOPMENT_TEAM = XLREUF5H62;
				ENABLE_HARDENED_RUNTIME = YES;
				INFOPLIST_FILE = "ReverseImageSearch Extension/Info.plist";
				LD_RUNPATH_SEARCH_PATHS = (
					"$(inherited)",
					"@executable_path/../Frameworks",
					"@executable_path/../../../../Frameworks",
				);
				MARKETING_VERSION = 1.3;
				PRODUCT_BUNDLE_IDENTIFIER = com.yimingliu.ReverseImageSearchExt;
				PRODUCT_NAME = "$(TARGET_NAME)";
				SKIP_INSTALL = YES;
			};
			name = Debug;
		};
		537606F72391D2A300EEDC2F /* Release */ = {
			isa = XCBuildConfiguration;
			buildSettings = {
				CODE_SIGN_ENTITLEMENTS = "ReverseImageSearch Extension/ReverseImageSearch_Extension.entitlements";
				CODE_SIGN_IDENTITY = "Mac Developer";
				CODE_SIGN_STYLE = Automatic;
				CURRENT_PROJECT_VERSION = 8;
				DEVELOPMENT_TEAM = XLREUF5H62;
				ENABLE_HARDENED_RUNTIME = YES;
				INFOPLIST_FILE = "ReverseImageSearch Extension/Info.plist";
				LD_RUNPATH_SEARCH_PATHS = (
					"$(inherited)",
					"@executable_path/../Frameworks",
					"@executable_path/../../../../Frameworks",
				);
				MARKETING_VERSION = 1.3;
				PRODUCT_BUNDLE_IDENTIFIER = com.yimingliu.ReverseImageSearchExt;
				PRODUCT_NAME = "$(TARGET_NAME)";
				SKIP_INSTALL = YES;
			};
			name = Release;
		};
		537606FA2391D2A300EEDC2F /* Debug */ = {
			isa = XCBuildConfiguration;
			buildSettings = {
				ASSETCATALOG_COMPILER_APPICON_NAME = AppIcon;
				CODE_SIGN_ENTITLEMENTS = ReverseImageSearch/ReverseImageSearch.entitlements;
				CODE_SIGN_IDENTITY = "Mac Developer";
				CODE_SIGN_STYLE = Automatic;
				COMBINE_HIDPI_IMAGES = YES;
				CURRENT_PROJECT_VERSION = 8;
				DEVELOPMENT_TEAM = XLREUF5H62;
				ENABLE_HARDENED_RUNTIME = YES;
				INFOPLIST_FILE = ReverseImageSearch/Info.plist;
				LD_RUNPATH_SEARCH_PATHS = (
					"$(inherited)",
					"@executable_path/../Frameworks",
				);
				MARKETING_VERSION = 1.3;
				PRODUCT_BUNDLE_IDENTIFIER = com.yimingliu.ReverseImageSearch;
				PRODUCT_NAME = "$(TARGET_NAME)";
			};
			name = Debug;
		};
		537606FB2391D2A300EEDC2F /* Release */ = {
			isa = XCBuildConfiguration;
			buildSettings = {
				ASSETCATALOG_COMPILER_APPICON_NAME = AppIcon;
				CODE_SIGN_ENTITLEMENTS = ReverseImageSearch/ReverseImageSearch.entitlements;
				CODE_SIGN_IDENTITY = "Mac Developer";
				CODE_SIGN_STYLE = Automatic;
				COMBINE_HIDPI_IMAGES = YES;
				CURRENT_PROJECT_VERSION = 8;
				DEVELOPMENT_TEAM = XLREUF5H62;
				ENABLE_HARDENED_RUNTIME = YES;
				INFOPLIST_FILE = ReverseImageSearch/Info.plist;
				LD_RUNPATH_SEARCH_PATHS = (
					"$(inherited)",
					"@executable_path/../Frameworks",
				);
				MARKETING_VERSION = 1.3;
				PRODUCT_BUNDLE_IDENTIFIER = com.yimingliu.ReverseImageSearch;
				PRODUCT_NAME = "$(TARGET_NAME)";
			};
			name = Release;
		};
/* End XCBuildConfiguration section */

/* Begin XCConfigurationList section */
		537606C02391D2A100EEDC2F /* Build configuration list for PBXProject "ReverseImageSearch" */ = {
			isa = XCConfigurationList;
			buildConfigurations = (
				537606F32391D2A300EEDC2F /* Debug */,
				537606F42391D2A300EEDC2F /* Release */,
			);
			defaultConfigurationIsVisible = 0;
			defaultConfigurationName = Release;
		};
		537606F52391D2A300EEDC2F /* Build configuration list for PBXNativeTarget "ReverseImageSearch Extension" */ = {
			isa = XCConfigurationList;
			buildConfigurations = (
				537606F62391D2A300EEDC2F /* Debug */,
				537606F72391D2A300EEDC2F /* Release */,
			);
			defaultConfigurationIsVisible = 0;
			defaultConfigurationName = Release;
		};
		537606F92391D2A300EEDC2F /* Build configuration list for PBXNativeTarget "ReverseImageSearch" */ = {
			isa = XCConfigurationList;
			buildConfigurations = (
				537606FA2391D2A300EEDC2F /* Debug */,
				537606FB2391D2A300EEDC2F /* Release */,
			);
			defaultConfigurationIsVisible = 0;
			defaultConfigurationName = Release;
		};
/* End XCConfigurationList section */
	};
	rootObject = 537606BD2391D2A100EEDC2F /* Project object */;
}
